# This file was autogenerated by Stack.
# You should not edit this file by hand.
# For more information, please see the documentation at:
#   https://docs.haskellstack.org/en/stable/lock_files

packages:
- completed:
    hackage: emoji-0.1.0.2@sha256:d995572a5c7dcd28f98eb15c6e387a7b3bda1ac2477ab0d9dba8580d5d7b161f,1273
    pantry-tree:
      size: 437
      sha256: dd9ea90a631342e5db0fc21331ade4d563a685e9125d5a3989eefa8e1b96c6c6
  original:
    hackage: emoji-0.1.0.2
- completed:
    hackage: discord-haskell-1.8.0@sha256:420515069c5be313dd31d16e9a4b163d2b3fdda18ba18e98cbb0b0536cbae136,3562
    pantry-tree:
      size: 2108
      sha256: 2d32f71b9d3e32f797ad6d614d748b491350ff0febb7e7bfc6f7fb595d752a0d
  original:
    hackage: discord-haskell-1.8.0
- completed:
    hackage: dotenv-0.8.0.6@sha256:6322dc1f2917cd3e1e4a51ef9305cd311194275ad332c82af78ba4192f4aed0b,5909
    pantry-tree:
      size: 1778
      sha256: 0257b22d644a269b6d682e66e502cab2f407141f29338090cf0706348264362b
  original:
    hackage: dotenv-0.8.0.6
- completed:
    hackage: hspec-2.7.4@sha256:8d0430e4a7ba8fa1482a1766fd4973f0c5e7c5adf512bded7358269bb9486c9e,1692
    pantry-tree:
      size: 532
      sha256: 6a6ba1798090ee6245f5995303b6ccf1afea26c73d4e69b95330c8914056d420
  original:
    hackage: hspec-2.7.4
snapshots:
- completed:
    size: 532381
    url: https://raw.githubusercontent.com/commercialhaskell/stackage-snapshots/master/lts/16/13.yaml
    sha256: 6ee17f7996e5bc75ae4406250841f1362ad4196418a4d90a0615ff4f26ac98df
  original: lts-16.13
